// !$*UTF8*$!
{
	archiveVersion = 1;
	classes = {
	};
	objectVersion = 56;
	objects = {

/* Begin PBXBuildFile section */
		C2E9BC102B72BF6200D9FDF2 /* PokeAppApp.swift in Sources */ = {isa = PBXBuildFile; fileRef = C2E9BC0F2B72BF6200D9FDF2 /* PokeAppApp.swift */; };
		C2E9BC122B72BF6200D9FDF2 /* PokeListView.swift in Sources */ = {isa = PBXBuildFile; fileRef = C2E9BC112B72BF6200D9FDF2 /* PokeListView.swift */; };
		C2E9BC142B72BF6300D9FDF2 /* Assets.xcassets in Resources */ = {isa = PBXBuildFile; fileRef = C2E9BC132B72BF6300D9FDF2 /* Assets.xcassets */; };
		C2E9BC172B72BF6300D9FDF2 /* Preview Assets.xcassets in Resources */ = {isa = PBXBuildFile; fileRef = C2E9BC162B72BF6300D9FDF2 /* Preview Assets.xcassets */; };
		C2E9BC212B72BF6300D9FDF2 /* PokeAppTests.swift in Sources */ = {isa = PBXBuildFile; fileRef = C2E9BC202B72BF6300D9FDF2 /* PokeAppTests.swift */; };
		C2E9BC2B2B72BF6300D9FDF2 /* PokeAppUITests.swift in Sources */ = {isa = PBXBuildFile; fileRef = C2E9BC2A2B72BF6300D9FDF2 /* PokeAppUITests.swift */; };
		C2E9BC2D2B72BF6300D9FDF2 /* PokeAppUITestsLaunchTests.swift in Sources */ = {isa = PBXBuildFile; fileRef = C2E9BC2C2B72BF6300D9FDF2 /* PokeAppUITestsLaunchTests.swift */; };
		C2E9BC3C2B72C23800D9FDF2 /* Pokemon.swift in Sources */ = {isa = PBXBuildFile; fileRef = C2E9BC3B2B72C23800D9FDF2 /* Pokemon.swift */; };
		C2E9BC432B72C59300D9FDF2 /* PokeListViewModel.swift in Sources */ = {isa = PBXBuildFile; fileRef = C2E9BC422B72C59300D9FDF2 /* PokeListViewModel.swift */; };
		C2E9BC462B72C5EF00D9FDF2 /* PokemonList.swift in Sources */ = {isa = PBXBuildFile; fileRef = C2E9BC452B72C5EF00D9FDF2 /* PokemonList.swift */; };
		C2E9BC482B72C87200D9FDF2 /* PokeAPIClient.swift in Sources */ = {isa = PBXBuildFile; fileRef = C2E9BC472B72C87200D9FDF2 /* PokeAPIClient.swift */; };
		C2E9BC4C2B72D65000D9FDF2 /* PokeListCell.swift in Sources */ = {isa = PBXBuildFile; fileRef = C2E9BC4B2B72D65000D9FDF2 /* PokeListCell.swift */; };
		C2E9BC4E2B72D66700D9FDF2 /* PokeDetailView.swift in Sources */ = {isa = PBXBuildFile; fileRef = C2E9BC4D2B72D66700D9FDF2 /* PokeDetailView.swift */; };
		C2E9BC512B72D7EA00D9FDF2 /* PokeListCellViewModel.swift in Sources */ = {isa = PBXBuildFile; fileRef = C2E9BC502B72D7EA00D9FDF2 /* PokeListCellViewModel.swift */; };
		C2E9BC542B72D9C000D9FDF2 /* Kingfisher in Frameworks */ = {isa = PBXBuildFile; productRef = C2E9BC532B72D9C000D9FDF2 /* Kingfisher */; };
		C2E9BC562B72F84A00D9FDF2 /* PokeApiClientTests.swift in Sources */ = {isa = PBXBuildFile; fileRef = C2E9BC552B72F84A00D9FDF2 /* PokeApiClientTests.swift */; };
		C2E9BC582B72F89300D9FDF2 /* fetchList.json in Resources */ = {isa = PBXBuildFile; fileRef = C2E9BC572B72F89300D9FDF2 /* fetchList.json */; };
		C2E9BC5B2B72F9F400D9FDF2 /* NetworkMockClasses.swift in Sources */ = {isa = PBXBuildFile; fileRef = C2E9BC5A2B72F9F400D9FDF2 /* NetworkMockClasses.swift */; };
		C2E9BC5D2B7306FF00D9FDF2 /* PokeDetailViewModel.swift in Sources */ = {isa = PBXBuildFile; fileRef = C2E9BC5C2B7306FF00D9FDF2 /* PokeDetailViewModel.swift */; };
/* End PBXBuildFile section */

/* Begin PBXContainerItemProxy section */
		C2E9BC1D2B72BF6300D9FDF2 /* PBXContainerItemProxy */ = {
			isa = PBXContainerItemProxy;
			containerPortal = C2E9BC042B72BF6200D9FDF2 /* Project object */;
			proxyType = 1;
			remoteGlobalIDString = C2E9BC0B2B72BF6200D9FDF2;
			remoteInfo = PokeApp;
		};
		C2E9BC272B72BF6300D9FDF2 /* PBXContainerItemProxy */ = {
			isa = PBXContainerItemProxy;
			containerPortal = C2E9BC042B72BF6200D9FDF2 /* Project object */;
			proxyType = 1;
			remoteGlobalIDString = C2E9BC0B2B72BF6200D9FDF2;
			remoteInfo = PokeApp;
		};
/* End PBXContainerItemProxy section */

/* Begin PBXFileReference section */
		C2E9BC0C2B72BF6200D9FDF2 /* PokeApp.app */ = {isa = PBXFileReference; explicitFileType = wrapper.application; includeInIndex = 0; path = PokeApp.app; sourceTree = BUILT_PRODUCTS_DIR; };
		C2E9BC0F2B72BF6200D9FDF2 /* PokeAppApp.swift */ = {isa = PBXFileReference; lastKnownFileType = sourcecode.swift; path = PokeAppApp.swift; sourceTree = "<group>"; };
		C2E9BC112B72BF6200D9FDF2 /* PokeListView.swift */ = {isa = PBXFileReference; lastKnownFileType = sourcecode.swift; path = PokeListView.swift; sourceTree = "<group>"; };
		C2E9BC132B72BF6300D9FDF2 /* Assets.xcassets */ = {isa = PBXFileReference; lastKnownFileType = folder.assetcatalog; path = Assets.xcassets; sourceTree = "<group>"; };
		C2E9BC162B72BF6300D9FDF2 /* Preview Assets.xcassets */ = {isa = PBXFileReference; lastKnownFileType = folder.assetcatalog; path = "Preview Assets.xcassets"; sourceTree = "<group>"; };
		C2E9BC1C2B72BF6300D9FDF2 /* PokeAppTests.xctest */ = {isa = PBXFileReference; explicitFileType = wrapper.cfbundle; includeInIndex = 0; path = PokeAppTests.xctest; sourceTree = BUILT_PRODUCTS_DIR; };
		C2E9BC202B72BF6300D9FDF2 /* PokeAppTests.swift */ = {isa = PBXFileReference; lastKnownFileType = sourcecode.swift; path = PokeAppTests.swift; sourceTree = "<group>"; };
		C2E9BC262B72BF6300D9FDF2 /* PokeAppUITests.xctest */ = {isa = PBXFileReference; explicitFileType = wrapper.cfbundle; includeInIndex = 0; path = PokeAppUITests.xctest; sourceTree = BUILT_PRODUCTS_DIR; };
		C2E9BC2A2B72BF6300D9FDF2 /* PokeAppUITests.swift */ = {isa = PBXFileReference; lastKnownFileType = sourcecode.swift; path = PokeAppUITests.swift; sourceTree = "<group>"; };
		C2E9BC2C2B72BF6300D9FDF2 /* PokeAppUITestsLaunchTests.swift */ = {isa = PBXFileReference; lastKnownFileType = sourcecode.swift; path = PokeAppUITestsLaunchTests.swift; sourceTree = "<group>"; };
		C2E9BC3B2B72C23800D9FDF2 /* Pokemon.swift */ = {isa = PBXFileReference; lastKnownFileType = sourcecode.swift; path = Pokemon.swift; sourceTree = "<group>"; };
		C2E9BC422B72C59300D9FDF2 /* PokeListViewModel.swift */ = {isa = PBXFileReference; lastKnownFileType = sourcecode.swift; path = PokeListViewModel.swift; sourceTree = "<group>"; };
		C2E9BC452B72C5EF00D9FDF2 /* PokemonList.swift */ = {isa = PBXFileReference; lastKnownFileType = sourcecode.swift; path = PokemonList.swift; sourceTree = "<group>"; };
		C2E9BC472B72C87200D9FDF2 /* PokeAPIClient.swift */ = {isa = PBXFileReference; lastKnownFileType = sourcecode.swift; path = PokeAPIClient.swift; sourceTree = "<group>"; };
		C2E9BC4B2B72D65000D9FDF2 /* PokeListCell.swift */ = {isa = PBXFileReference; lastKnownFileType = sourcecode.swift; path = PokeListCell.swift; sourceTree = "<group>"; };
		C2E9BC4D2B72D66700D9FDF2 /* PokeDetailView.swift */ = {isa = PBXFileReference; lastKnownFileType = sourcecode.swift; path = PokeDetailView.swift; sourceTree = "<group>"; };
		C2E9BC502B72D7EA00D9FDF2 /* PokeListCellViewModel.swift */ = {isa = PBXFileReference; lastKnownFileType = sourcecode.swift; path = PokeListCellViewModel.swift; sourceTree = "<group>"; };
		C2E9BC552B72F84A00D9FDF2 /* PokeApiClientTests.swift */ = {isa = PBXFileReference; lastKnownFileType = sourcecode.swift; path = PokeApiClientTests.swift; sourceTree = "<group>"; };
		C2E9BC572B72F89300D9FDF2 /* fetchList.json */ = {isa = PBXFileReference; lastKnownFileType = text.json; path = fetchList.json; sourceTree = "<group>"; };
		C2E9BC5A2B72F9F400D9FDF2 /* NetworkMockClasses.swift */ = {isa = PBXFileReference; lastKnownFileType = sourcecode.swift; path = NetworkMockClasses.swift; sourceTree = "<group>"; };
		C2E9BC5C2B7306FF00D9FDF2 /* PokeDetailViewModel.swift */ = {isa = PBXFileReference; lastKnownFileType = sourcecode.swift; path = PokeDetailViewModel.swift; sourceTree = "<group>"; };
/* End PBXFileReference section */

/* Begin PBXFrameworksBuildPhase section */
		C2E9BC092B72BF6200D9FDF2 /* Frameworks */ = {
			isa = PBXFrameworksBuildPhase;
			buildActionMask = 2147483647;
			files = (
				C2E9BC542B72D9C000D9FDF2 /* Kingfisher in Frameworks */,
			);
			runOnlyForDeploymentPostprocessing = 0;
		};
		C2E9BC192B72BF6300D9FDF2 /* Frameworks */ = {
			isa = PBXFrameworksBuildPhase;
			buildActionMask = 2147483647;
			files = (
			);
			runOnlyForDeploymentPostprocessing = 0;
		};
		C2E9BC232B72BF6300D9FDF2 /* Frameworks */ = {
			isa = PBXFrameworksBuildPhase;
			buildActionMask = 2147483647;
			files = (
			);
			runOnlyForDeploymentPostprocessing = 0;
		};
/* End PBXFrameworksBuildPhase section */

/* Begin PBXGroup section */
		C2E9BC032B72BF6200D9FDF2 = {
			isa = PBXGroup;
			children = (
				C2E9BC0E2B72BF6200D9FDF2 /* PokeApp */,
				C2E9BC1F2B72BF6300D9FDF2 /* PokeAppTests */,
				C2E9BC292B72BF6300D9FDF2 /* PokeAppUITests */,
				C2E9BC0D2B72BF6200D9FDF2 /* Products */,
			);
			sourceTree = "<group>";
		};
		C2E9BC0D2B72BF6200D9FDF2 /* Products */ = {
			isa = PBXGroup;
			children = (
				C2E9BC0C2B72BF6200D9FDF2 /* PokeApp.app */,
				C2E9BC1C2B72BF6300D9FDF2 /* PokeAppTests.xctest */,
				C2E9BC262B72BF6300D9FDF2 /* PokeAppUITests.xctest */,
			);
			name = Products;
			sourceTree = "<group>";
		};
		C2E9BC0E2B72BF6200D9FDF2 /* PokeApp */ = {
			isa = PBXGroup;
			children = (
				C2E9BC3D2B72C28D00D9FDF2 /* Network */,
				C2E9BC3A2B72C22900D9FDF2 /* Models */,
				C2E9BC402B72C57400D9FDF2 /* List */,
				C2E9BC412B72C57900D9FDF2 /* Detail */,
				C2E9BC0F2B72BF6200D9FDF2 /* PokeAppApp.swift */,
				C2E9BC132B72BF6300D9FDF2 /* Assets.xcassets */,
				C2E9BC152B72BF6300D9FDF2 /* Preview Content */,
			);
			path = PokeApp;
			sourceTree = "<group>";
		};
		C2E9BC152B72BF6300D9FDF2 /* Preview Content */ = {
			isa = PBXGroup;
			children = (
				C2E9BC162B72BF6300D9FDF2 /* Preview Assets.xcassets */,
			);
			path = "Preview Content";
			sourceTree = "<group>";
		};
		C2E9BC1F2B72BF6300D9FDF2 /* PokeAppTests */ = {
			isa = PBXGroup;
			children = (
				C2E9BC592B72F9E300D9FDF2 /* Network */,
				C2E9BC202B72BF6300D9FDF2 /* PokeAppTests.swift */,
				C2E9BC572B72F89300D9FDF2 /* fetchList.json */,
			);
			path = PokeAppTests;
			sourceTree = "<group>";
		};
		C2E9BC292B72BF6300D9FDF2 /* PokeAppUITests */ = {
			isa = PBXGroup;
			children = (
				C2E9BC2A2B72BF6300D9FDF2 /* PokeAppUITests.swift */,
				C2E9BC2C2B72BF6300D9FDF2 /* PokeAppUITestsLaunchTests.swift */,
			);
			path = PokeAppUITests;
			sourceTree = "<group>";
		};
		C2E9BC3A2B72C22900D9FDF2 /* Models */ = {
			isa = PBXGroup;
			children = (
				C2E9BC452B72C5EF00D9FDF2 /* PokemonList.swift */,
				C2E9BC3B2B72C23800D9FDF2 /* Pokemon.swift */,
			);
			path = Models;
			sourceTree = "<group>";
		};
		C2E9BC3D2B72C28D00D9FDF2 /* Network */ = {
			isa = PBXGroup;
			children = (
				C2E9BC472B72C87200D9FDF2 /* PokeAPIClient.swift */,
			);
			path = Network;
			sourceTree = "<group>";
		};
		C2E9BC402B72C57400D9FDF2 /* List */ = {
			isa = PBXGroup;
			children = (
				C2E9BC4F2B72D7D200D9FDF2 /* Cell */,
				C2E9BC112B72BF6200D9FDF2 /* PokeListView.swift */,
				C2E9BC422B72C59300D9FDF2 /* PokeListViewModel.swift */,
			);
			path = List;
			sourceTree = "<group>";
		};
		C2E9BC412B72C57900D9FDF2 /* Detail */ = {
			isa = PBXGroup;
			children = (
				C2E9BC4D2B72D66700D9FDF2 /* PokeDetailView.swift */,
				C2E9BC5C2B7306FF00D9FDF2 /* PokeDetailViewModel.swift */,
			);
			path = Detail;
			sourceTree = "<group>";
		};
		C2E9BC4F2B72D7D200D9FDF2 /* Cell */ = {
			isa = PBXGroup;
			children = (
				C2E9BC4B2B72D65000D9FDF2 /* PokeListCell.swift */,
				C2E9BC502B72D7EA00D9FDF2 /* PokeListCellViewModel.swift */,
			);
			path = Cell;
			sourceTree = "<group>";
		};
		C2E9BC592B72F9E300D9FDF2 /* Network */ = {
			isa = PBXGroup;
			children = (
				C2E9BC552B72F84A00D9FDF2 /* PokeApiClientTests.swift */,
				C2E9BC5A2B72F9F400D9FDF2 /* NetworkMockClasses.swift */,
			);
			path = Network;
			sourceTree = "<group>";
		};
/* End PBXGroup section */

/* Begin PBXNativeTarget section */
		C2E9BC0B2B72BF6200D9FDF2 /* PokeApp */ = {
			isa = PBXNativeTarget;
			buildConfigurationList = C2E9BC302B72BF6300D9FDF2 /* Build configuration list for PBXNativeTarget "PokeApp" */;
			buildPhases = (
				C2E9BC082B72BF6200D9FDF2 /* Sources */,
				C2E9BC092B72BF6200D9FDF2 /* Frameworks */,
				C2E9BC0A2B72BF6200D9FDF2 /* Resources */,
			);
			buildRules = (
			);
			dependencies = (
			);
			name = PokeApp;
			packageProductDependencies = (
				C2E9BC532B72D9C000D9FDF2 /* Kingfisher */,
			);
			productName = PokeApp;
			productReference = C2E9BC0C2B72BF6200D9FDF2 /* PokeApp.app */;
			productType = "com.apple.product-type.application";
		};
		C2E9BC1B2B72BF6300D9FDF2 /* PokeAppTests */ = {
			isa = PBXNativeTarget;
			buildConfigurationList = C2E9BC332B72BF6300D9FDF2 /* Build configuration list for PBXNativeTarget "PokeAppTests" */;
			buildPhases = (
				C2E9BC182B72BF6300D9FDF2 /* Sources */,
				C2E9BC192B72BF6300D9FDF2 /* Frameworks */,
				C2E9BC1A2B72BF6300D9FDF2 /* Resources */,
			);
			buildRules = (
			);
			dependencies = (
				C2E9BC1E2B72BF6300D9FDF2 /* PBXTargetDependency */,
			);
			name = PokeAppTests;
			productName = PokeAppTests;
			productReference = C2E9BC1C2B72BF6300D9FDF2 /* PokeAppTests.xctest */;
			productType = "com.apple.product-type.bundle.unit-test";
		};
		C2E9BC252B72BF6300D9FDF2 /* PokeAppUITests */ = {
			isa = PBXNativeTarget;
			buildConfigurationList = C2E9BC362B72BF6300D9FDF2 /* Build configuration list for PBXNativeTarget "PokeAppUITests" */;
			buildPhases = (
				C2E9BC222B72BF6300D9FDF2 /* Sources */,
				C2E9BC232B72BF6300D9FDF2 /* Frameworks */,
				C2E9BC242B72BF6300D9FDF2 /* Resources */,
			);
			buildRules = (
			);
			dependencies = (
				C2E9BC282B72BF6300D9FDF2 /* PBXTargetDependency */,
			);
			name = PokeAppUITests;
			productName = PokeAppUITests;
			productReference = C2E9BC262B72BF6300D9FDF2 /* PokeAppUITests.xctest */;
			productType = "com.apple.product-type.bundle.ui-testing";
		};
/* End PBXNativeTarget section */

/* Begin PBXProject section */
		C2E9BC042B72BF6200D9FDF2 /* Project object */ = {
			isa = PBXProject;
			attributes = {
				BuildIndependentTargetsInParallel = 1;
				LastSwiftUpdateCheck = 1520;
				LastUpgradeCheck = 1520;
				TargetAttributes = {
					C2E9BC0B2B72BF6200D9FDF2 = {
						CreatedOnToolsVersion = 15.2;
					};
					C2E9BC1B2B72BF6300D9FDF2 = {
						CreatedOnToolsVersion = 15.2;
						TestTargetID = C2E9BC0B2B72BF6200D9FDF2;
					};
					C2E9BC252B72BF6300D9FDF2 = {
						CreatedOnToolsVersion = 15.2;
						TestTargetID = C2E9BC0B2B72BF6200D9FDF2;
					};
				};
			};
			buildConfigurationList = C2E9BC072B72BF6200D9FDF2 /* Build configuration list for PBXProject "PokeApp" */;
			compatibilityVersion = "Xcode 14.0";
			developmentRegion = en;
			hasScannedForEncodings = 0;
			knownRegions = (
				en,
				Base,
			);
			mainGroup = C2E9BC032B72BF6200D9FDF2;
			packageReferences = (
				C2E9BC522B72D9C000D9FDF2 /* XCRemoteSwiftPackageReference "Kingfisher" */,
			);
			productRefGroup = C2E9BC0D2B72BF6200D9FDF2 /* Products */;
			projectDirPath = "";
			projectRoot = "";
			targets = (
				C2E9BC0B2B72BF6200D9FDF2 /* PokeApp */,
				C2E9BC1B2B72BF6300D9FDF2 /* PokeAppTests */,
				C2E9BC252B72BF6300D9FDF2 /* PokeAppUITests */,
			);
		};
/* End PBXProject section */

/* Begin PBXResourcesBuildPhase section */
		C2E9BC0A2B72BF6200D9FDF2 /* Resources */ = {
			isa = PBXResourcesBuildPhase;
			buildActionMask = 2147483647;
			files = (
				C2E9BC172B72BF6300D9FDF2 /* Preview Assets.xcassets in Resources */,
				C2E9BC142B72BF6300D9FDF2 /* Assets.xcassets in Resources */,
			);
			runOnlyForDeploymentPostprocessing = 0;
		};
		C2E9BC1A2B72BF6300D9FDF2 /* Resources */ = {
			isa = PBXResourcesBuildPhase;
			buildActionMask = 2147483647;
			files = (
				C2E9BC582B72F89300D9FDF2 /* fetchList.json in Resources */,
			);
			runOnlyForDeploymentPostprocessing = 0;
		};
		C2E9BC242B72BF6300D9FDF2 /* Resources */ = {
			isa = PBXResourcesBuildPhase;
			buildActionMask = 2147483647;
			files = (
			);
			runOnlyForDeploymentPostprocessing = 0;
		};
/* End PBXResourcesBuildPhase section */

/* Begin PBXSourcesBuildPhase section */
		C2E9BC082B72BF6200D9FDF2 /* Sources */ = {
			isa = PBXSourcesBuildPhase;
			buildActionMask = 2147483647;
			files = (
				C2E9BC512B72D7EA00D9FDF2 /* PokeListCellViewModel.swift in Sources */,
				C2E9BC482B72C87200D9FDF2 /* PokeAPIClient.swift in Sources */,
				C2E9BC462B72C5EF00D9FDF2 /* PokemonList.swift in Sources */,
				C2E9BC122B72BF6200D9FDF2 /* PokeListView.swift in Sources */,
				C2E9BC432B72C59300D9FDF2 /* PokeListViewModel.swift in Sources */,
				C2E9BC4E2B72D66700D9FDF2 /* PokeDetailView.swift in Sources */,
				C2E9BC5D2B7306FF00D9FDF2 /* PokeDetailViewModel.swift in Sources */,
				C2E9BC4C2B72D65000D9FDF2 /* PokeListCell.swift in Sources */,
				C2E9BC102B72BF6200D9FDF2 /* PokeAppApp.swift in Sources */,
				C2E9BC3C2B72C23800D9FDF2 /* Pokemon.swift in Sources */,
			);
			runOnlyForDeploymentPostprocessing = 0;
		};
		C2E9BC182B72BF6300D9FDF2 /* Sources */ = {
			isa = PBXSourcesBuildPhase;
			buildActionMask = 2147483647;
			files = (
				C2E9BC5B2B72F9F400D9FDF2 /* NetworkMockClasses.swift in Sources */,
				C2E9BC562B72F84A00D9FDF2 /* PokeApiClientTests.swift in Sources */,
				C2E9BC212B72BF6300D9FDF2 /* PokeAppTests.swift in Sources */,
			);
			runOnlyForDeploymentPostprocessing = 0;
		};
		C2E9BC222B72BF6300D9FDF2 /* Sources */ = {
			isa = PBXSourcesBuildPhase;
			buildActionMask = 2147483647;
			files = (
				C2E9BC2B2B72BF6300D9FDF2 /* PokeAppUITests.swift in Sources */,
				C2E9BC2D2B72BF6300D9FDF2 /* PokeAppUITestsLaunchTests.swift in Sources */,
			);
			runOnlyForDeploymentPostprocessing = 0;
		};
/* End PBXSourcesBuildPhase section */

/* Begin PBXTargetDependency section */
		C2E9BC1E2B72BF6300D9FDF2 /* PBXTargetDependency */ = {
			isa = PBXTargetDependency;
			target = C2E9BC0B2B72BF6200D9FDF2 /* PokeApp */;
			targetProxy = C2E9BC1D2B72BF6300D9FDF2 /* PBXContainerItemProxy */;
		};
		C2E9BC282B72BF6300D9FDF2 /* PBXTargetDependency */ = {
			isa = PBXTargetDependency;
			target = C2E9BC0B2B72BF6200D9FDF2 /* PokeApp */;
			targetProxy = C2E9BC272B72BF6300D9FDF2 /* PBXContainerItemProxy */;
		};
/* End PBXTargetDependency section */

/* Begin XCBuildConfiguration section */
		C2E9BC2E2B72BF6300D9FDF2 /* Debug */ = {
			isa = XCBuildConfiguration;
			buildSettings = {
				ALWAYS_SEARCH_USER_PATHS = NO;
				ASSETCATALOG_COMPILER_GENERATE_SWIFT_ASSET_SYMBOL_EXTENSIONS = YES;
				CLANG_ANALYZER_NONNULL = YES;
				CLANG_ANALYZER_NUMBER_OBJECT_CONVERSION = YES_AGGRESSIVE;
				CLANG_CXX_LANGUAGE_STANDARD = "gnu++20";
				CLANG_ENABLE_MODULES = YES;
				CLANG_ENABLE_OBJC_ARC = YES;
				CLANG_ENABLE_OBJC_WEAK = YES;
				CLANG_WARN_BLOCK_CAPTURE_AUTORELEASING = YES;
				CLANG_WARN_BOOL_CONVERSION = YES;
				CLANG_WARN_COMMA = YES;
				CLANG_WARN_CONSTANT_CONVERSION = YES;
				CLANG_WARN_DEPRECATED_OBJC_IMPLEMENTATIONS = YES;
				CLANG_WARN_DIRECT_OBJC_ISA_USAGE = YES_ERROR;
				CLANG_WARN_DOCUMENTATION_COMMENTS = YES;
				CLANG_WARN_EMPTY_BODY = YES;
				CLANG_WARN_ENUM_CONVERSION = YES;
				CLANG_WARN_INFINITE_RECURSION = YES;
				CLANG_WARN_INT_CONVERSION = YES;
				CLANG_WARN_NON_LITERAL_NULL_CONVERSION = YES;
				CLANG_WARN_OBJC_IMPLICIT_RETAIN_SELF = YES;
				CLANG_WARN_OBJC_LITERAL_CONVERSION = YES;
				CLANG_WARN_OBJC_ROOT_CLASS = YES_ERROR;
				CLANG_WARN_QUOTED_INCLUDE_IN_FRAMEWORK_HEADER = YES;
				CLANG_WARN_RANGE_LOOP_ANALYSIS = YES;
				CLANG_WARN_STRICT_PROTOTYPES = YES;
				CLANG_WARN_SUSPICIOUS_MOVE = YES;
				CLANG_WARN_UNGUARDED_AVAILABILITY = YES_AGGRESSIVE;
				CLANG_WARN_UNREACHABLE_CODE = YES;
				CLANG_WARN__DUPLICATE_METHOD_MATCH = YES;
				COPY_PHASE_STRIP = NO;
				DEBUG_INFORMATION_FORMAT = dwarf;
				ENABLE_STRICT_OBJC_MSGSEND = YES;
				ENABLE_TESTABILITY = YES;
				ENABLE_USER_SCRIPT_SANDBOXING = YES;
				GCC_C_LANGUAGE_STANDARD = gnu17;
				GCC_DYNAMIC_NO_PIC = NO;
				GCC_NO_COMMON_BLOCKS = YES;
				GCC_OPTIMIZATION_LEVEL = 0;
				GCC_PREPROCESSOR_DEFINITIONS = (
					"DEBUG=1",
					"$(inherited)",
				);
				GCC_WARN_64_TO_32_BIT_CONVERSION = YES;
				GCC_WARN_ABOUT_RETURN_TYPE = YES_ERROR;
				GCC_WARN_UNDECLARED_SELECTOR = YES;
				GCC_WARN_UNINITIALIZED_AUTOS = YES_AGGRESSIVE;
				GCC_WARN_UNUSED_FUNCTION = YES;
				GCC_WARN_UNUSED_VARIABLE = YES;
				IPHONEOS_DEPLOYMENT_TARGET = 17.2;
				LOCALIZATION_PREFERS_STRING_CATALOGS = YES;
				MTL_ENABLE_DEBUG_INFO = INCLUDE_SOURCE;
				MTL_FAST_MATH = YES;
				ONLY_ACTIVE_ARCH = YES;
				SDKROOT = iphoneos;
				SWIFT_ACTIVE_COMPILATION_CONDITIONS = "DEBUG $(inherited)";
				SWIFT_OPTIMIZATION_LEVEL = "-Onone";
			};
			name = Debug;
		};
		C2E9BC2F2B72BF6300D9FDF2 /* Release */ = {
			isa = XCBuildConfiguration;
			buildSettings = {
				ALWAYS_SEARCH_USER_PATHS = NO;
				ASSETCATALOG_COMPILER_GENERATE_SWIFT_ASSET_SYMBOL_EXTENSIONS = YES;
				CLANG_ANALYZER_NONNULL = YES;
				CLANG_ANALYZER_NUMBER_OBJECT_CONVERSION = YES_AGGRESSIVE;
				CLANG_CXX_LANGUAGE_STANDARD = "gnu++20";
				CLANG_ENABLE_MODULES = YES;
				CLANG_ENABLE_OBJC_ARC = YES;
				CLANG_ENABLE_OBJC_WEAK = YES;
				CLANG_WARN_BLOCK_CAPTURE_AUTORELEASING = YES;
				CLANG_WARN_BOOL_CONVERSION = YES;
				CLANG_WARN_COMMA = YES;
				CLANG_WARN_CONSTANT_CONVERSION = YES;
				CLANG_WARN_DEPRECATED_OBJC_IMPLEMENTATIONS = YES;
				CLANG_WARN_DIRECT_OBJC_ISA_USAGE = YES_ERROR;
				CLANG_WARN_DOCUMENTATION_COMMENTS = YES;
				CLANG_WARN_EMPTY_BODY = YES;
				CLANG_WARN_ENUM_CONVERSION = YES;
				CLANG_WARN_INFINITE_RECURSION = YES;
				CLANG_WARN_INT_CONVERSION = YES;
				CLANG_WARN_NON_LITERAL_NULL_CONVERSION = YES;
				CLANG_WARN_OBJC_IMPLICIT_RETAIN_SELF = YES;
				CLANG_WARN_OBJC_LITERAL_CONVERSION = YES;
				CLANG_WARN_OBJC_ROOT_CLASS = YES_ERROR;
				CLANG_WARN_QUOTED_INCLUDE_IN_FRAMEWORK_HEADER = YES;
				CLANG_WARN_RANGE_LOOP_ANALYSIS = YES;
				CLANG_WARN_STRICT_PROTOTYPES = YES;
				CLANG_WARN_SUSPICIOUS_MOVE = YES;
				CLANG_WARN_UNGUARDED_AVAILABILITY = YES_AGGRESSIVE;
				CLANG_WARN_UNREACHABLE_CODE = YES;
				CLANG_WARN__DUPLICATE_METHOD_MATCH = YES;
				COPY_PHASE_STRIP = NO;
				DEBUG_INFORMATION_FORMAT = "dwarf-with-dsym";
				ENABLE_NS_ASSERTIONS = NO;
				ENABLE_STRICT_OBJC_MSGSEND = YES;
				ENABLE_USER_SCRIPT_SANDBOXING = YES;
				GCC_C_LANGUAGE_STANDARD = gnu17;
				GCC_NO_COMMON_BLOCKS = YES;
				GCC_WARN_64_TO_32_BIT_CONVERSION = YES;
				GCC_WARN_ABOUT_RETURN_TYPE = YES_ERROR;
				GCC_WARN_UNDECLARED_SELECTOR = YES;
				GCC_WARN_UNINITIALIZED_AUTOS = YES_AGGRESSIVE;
				GCC_WARN_UNUSED_FUNCTION = YES;
				GCC_WARN_UNUSED_VARIABLE = YES;
				IPHONEOS_DEPLOYMENT_TARGET = 17.2;
				LOCALIZATION_PREFERS_STRING_CATALOGS = YES;
				MTL_ENABLE_DEBUG_INFO = NO;
				MTL_FAST_MATH = YES;
				SDKROOT = iphoneos;
				SWIFT_COMPILATION_MODE = wholemodule;
				VALIDATE_PRODUCT = YES;
			};
			name = Release;
		};
		C2E9BC312B72BF6300D9FDF2 /* Debug */ = {
			isa = XCBuildConfiguration;
			buildSettings = {
				ASSETCATALOG_COMPILER_APPICON_NAME = AppIcon;
				ASSETCATALOG_COMPILER_GLOBAL_ACCENT_COLOR_NAME = AccentColor;
				CODE_SIGN_STYLE = Automatic;
				CURRENT_PROJECT_VERSION = 1;
				DEVELOPMENT_ASSET_PATHS = "\"PokeApp/Preview Content\"";
				DEVELOPMENT_TEAM = X82N4CHKBS;
				ENABLE_PREVIEWS = YES;
				GENERATE_INFOPLIST_FILE = YES;
				INFOPLIST_KEY_UIApplicationSceneManifest_Generation = YES;
				INFOPLIST_KEY_UIApplicationSupportsIndirectInputEvents = YES;
				INFOPLIST_KEY_UILaunchScreen_Generation = YES;
				INFOPLIST_KEY_UISupportedInterfaceOrientations_iPad = "UIInterfaceOrientationPortrait UIInterfaceOrientationPortraitUpsideDown UIInterfaceOrientationLandscapeLeft UIInterfaceOrientationLandscapeRight";
				INFOPLIST_KEY_UISupportedInterfaceOrientations_iPhone = "UIInterfaceOrientationPortrait UIInterfaceOrientationLandscapeLeft UIInterfaceOrientationLandscapeRight";
				LD_RUNPATH_SEARCH_PATHS = (
					"$(inherited)",
					"@executable_path/Frameworks",
				);
				MARKETING_VERSION = 1.0;
				PRODUCT_BUNDLE_IDENTIFIER = com.ananeto.PokeApp;
				PRODUCT_NAME = "$(TARGET_NAME)";
				SWIFT_EMIT_LOC_STRINGS = YES;
				SWIFT_VERSION = 5.0;
				TARGETED_DEVICE_FAMILY = "1,2";
			};
			name = Debug;
		};
		C2E9BC322B72BF6300D9FDF2 /* Release */ = {
			isa = XCBuildConfiguration;
			buildSettings = {
				ASSETCATALOG_COMPILER_APPICON_NAME = AppIcon;
				ASSETCATALOG_COMPILER_GLOBAL_ACCENT_COLOR_NAME = AccentColor;
				CODE_SIGN_STYLE = Automatic;
				CURRENT_PROJECT_VERSION = 1;
				DEVELOPMENT_ASSET_PATHS = "\"PokeApp/Preview Content\"";
				DEVELOPMENT_TEAM = X82N4CHKBS;
				ENABLE_PREVIEWS = YES;
				GENERATE_INFOPLIST_FILE = YES;
				INFOPLIST_KEY_UIApplicationSceneManifest_Generation = YES;
				INFOPLIST_KEY_UIApplicationSupportsIndirectInputEvents = YES;
				INFOPLIST_KEY_UILaunchScreen_Generation = YES;
				INFOPLIST_KEY_UISupportedInterfaceOrientations_iPad = "UIInterfaceOrientationPortrait UIInterfaceOrientationPortraitUpsideDown UIInterfaceOrientationLandscapeLeft UIInterfaceOrientationLandscapeRight";
				INFOPLIST_KEY_UISupportedInterfaceOrientations_iPhone = "UIInterfaceOrientationPortrait UIInterfaceOrientationLandscapeLeft UIInterfaceOrientationLandscapeRight";
				LD_RUNPATH_SEARCH_PATHS = (
					"$(inherited)",
					"@executable_path/Frameworks",
				);
				MARKETING_VERSION = 1.0;
				PRODUCT_BUNDLE_IDENTIFIER = com.ananeto.PokeApp;
				PRODUCT_NAME = "$(TARGET_NAME)";
				SWIFT_EMIT_LOC_STRINGS = YES;
				SWIFT_VERSION = 5.0;
				TARGETED_DEVICE_FAMILY = "1,2";
			};
			name = Release;
		};
		C2E9BC342B72BF6300D9FDF2 /* Debug */ = {
			isa = XCBuildConfiguration;
			buildSettings = {
				ALWAYS_EMBED_SWIFT_STANDARD_LIBRARIES = YES;
				BUNDLE_LOADER = "$(TEST_HOST)";
				CODE_SIGN_STYLE = Automatic;
				CURRENT_PROJECT_VERSION = 1;
				DEVELOPMENT_TEAM = X82N4CHKBS;
				GENERATE_INFOPLIST_FILE = YES;
				IPHONEOS_DEPLOYMENT_TARGET = 17.2;
				MARKETING_VERSION = 1.0;
				PRODUCT_BUNDLE_IDENTIFIER = com.ananeto.PokeAppTests;
				PRODUCT_NAME = "$(TARGET_NAME)";
				SWIFT_EMIT_LOC_STRINGS = NO;
				SWIFT_VERSION = 5.0;
				TARGETED_DEVICE_FAMILY = "1,2";
				TEST_HOST = "$(BUILT_PRODUCTS_DIR)/PokeApp.app/$(BUNDLE_EXECUTABLE_FOLDER_PATH)/PokeApp";
			};
			name = Debug;
		};
		C2E9BC352B72BF6300D9FDF2 /* Release */ = {
			isa = XCBuildConfiguration;
			buildSettings = {
				ALWAYS_EMBED_SWIFT_STANDARD_LIBRARIES = YES;
				BUNDLE_LOADER = "$(TEST_HOST)";
				CODE_SIGN_STYLE = Automatic;
				CURRENT_PROJECT_VERSION = 1;
				DEVELOPMENT_TEAM = X82N4CHKBS;
				GENERATE_INFOPLIST_FILE = YES;
				IPHONEOS_DEPLOYMENT_TARGET = 17.2;
				MARKETING_VERSION = 1.0;
				PRODUCT_BUNDLE_IDENTIFIER = com.ananeto.PokeAppTests;
				PRODUCT_NAME = "$(TARGET_NAME)";
				SWIFT_EMIT_LOC_STRINGS = NO;
				SWIFT_VERSION = 5.0;
				TARGETED_DEVICE_FAMILY = "1,2";
				TEST_HOST = "$(BUILT_PRODUCTS_DIR)/PokeApp.app/$(BUNDLE_EXECUTABLE_FOLDER_PATH)/PokeApp";
			};
			name = Release;
		};
		C2E9BC372B72BF6300D9FDF2 /* Debug */ = {
			isa = XCBuildConfiguration;
			buildSettings = {
				ALWAYS_EMBED_SWIFT_STANDARD_LIBRARIES = YES;
				CODE_SIGN_STYLE = Automatic;
				CURRENT_PROJECT_VERSION = 1;
				DEVELOPMENT_TEAM = X82N4CHKBS;
				GENERATE_INFOPLIST_FILE = YES;
				MARKETING_VERSION = 1.0;
				PRODUCT_BUNDLE_IDENTIFIER = com.ananeto.PokeAppUITests;
				PRODUCT_NAME = "$(TARGET_NAME)";
				SWIFT_EMIT_LOC_STRINGS = NO;
				SWIFT_VERSION = 5.0;
				TARGETED_DEVICE_FAMILY = "1,2";
				TEST_TARGET_NAME = PokeApp;
			};
			name = Debug;
		};
		C2E9BC382B72BF6300D9FDF2 /* Release */ = {
			isa = XCBuildConfiguration;
			buildSettings = {
				ALWAYS_EMBED_SWIFT_STANDARD_LIBRARIES = YES;
				CODE_SIGN_STYLE = Automatic;
				CURRENT_PROJECT_VERSION = 1;
				DEVELOPMENT_TEAM = X82N4CHKBS;
				GENERATE_INFOPLIST_FILE = YES;
				MARKETING_VERSION = 1.0;
				PRODUCT_BUNDLE_IDENTIFIER = com.ananeto.PokeAppUITests;
				PRODUCT_NAME = "$(TARGET_NAME)";
				SWIFT_EMIT_LOC_STRINGS = NO;
				SWIFT_VERSION = 5.0;
				TARGETED_DEVICE_FAMILY = "1,2";
				TEST_TARGET_NAME = PokeApp;
			};
			name = Release;
		};
/* End XCBuildConfiguration section */

/* Begin XCConfigurationList section */
		C2E9BC072B72BF6200D9FDF2 /* Build configuration list for PBXProject "PokeApp" */ = {
			isa = XCConfigurationList;
			buildConfigurations = (
				C2E9BC2E2B72BF6300D9FDF2 /* Debug */,
				C2E9BC2F2B72BF6300D9FDF2 /* Release */,
			);
			defaultConfigurationIsVisible = 0;
			defaultConfigurationName = Release;
		};
		C2E9BC302B72BF6300D9FDF2 /* Build configuration list for PBXNativeTarget "PokeApp" */ = {
			isa = XCConfigurationList;
			buildConfigurations = (
				C2E9BC312B72BF6300D9FDF2 /* Debug */,
				C2E9BC322B72BF6300D9FDF2 /* Release */,
			);
			defaultConfigurationIsVisible = 0;
			defaultConfigurationName = Release;
		};
		C2E9BC332B72BF6300D9FDF2 /* Build configuration list for PBXNativeTarget "PokeAppTests" */ = {
			isa = XCConfigurationList;
			buildConfigurations = (
				C2E9BC342B72BF6300D9FDF2 /* Debug */,
				C2E9BC352B72BF6300D9FDF2 /* Release */,
			);
			defaultConfigurationIsVisible = 0;
			defaultConfigurationName = Release;
		};
		C2E9BC362B72BF6300D9FDF2 /* Build configuration list for PBXNativeTarget "PokeAppUITests" */ = {
			isa = XCConfigurationList;
			buildConfigurations = (
				C2E9BC372B72BF6300D9FDF2 /* Debug */,
				C2E9BC382B72BF6300D9FDF2 /* Release */,
			);
			defaultConfigurationIsVisible = 0;
			defaultConfigurationName = Release;
		};
/* End XCConfigurationList section */

/* Begin XCRemoteSwiftPackageReference section */
		C2E9BC522B72D9C000D9FDF2 /* XCRemoteSwiftPackageReference "Kingfisher" */ = {
			isa = XCRemoteSwiftPackageReference;
			repositoryURL = "https://github.com/onevcat/Kingfisher.git";
			requirement = {
				kind = upToNextMajorVersion;
				minimumVersion = 7.10.2;
			};
		};
/* End XCRemoteSwiftPackageReference section */

/* Begin XCSwiftPackageProductDependency section */
		C2E9BC532B72D9C000D9FDF2 /* Kingfisher */ = {
			isa = XCSwiftPackageProductDependency;
			package = C2E9BC522B72D9C000D9FDF2 /* XCRemoteSwiftPackageReference "Kingfisher" */;
			productName = Kingfisher;
		};
/* End XCSwiftPackageProductDependency section */
	};
	rootObject = C2E9BC042B72BF6200D9FDF2 /* Project object */;
}
